
Microsoft Visual Studio Solution File, Format Version 12.00
# Visual Studio Version 16
VisualStudioVersion = 25.0.1706.7
MinimumVisualStudioVersion = 10.0.40219.1
Project("{FAE04EC0-301F-11D3-BF4B-00C04F79EFBC}") = "AudioRecordingSampleApp.Android", "AudioRecordingSampleApp\AudioRecordingSampleApp.Android\AudioRecordingSampleApp.Android.csproj", "{F98D6A17-AADC-4DF8-9CDF-1ECB8CDC24E8}"
EndProject
Project("{FAE04EC0-301F-11D3-BF4B-00C04F79EFBC}") = "AudioRecordingSampleApp.iOS", "AudioRecordingSampleApp\AudioRecordingSampleApp.iOS\AudioRecordingSampleApp.iOS.csproj", "{6BBA4035-566E-4D0C-81ED-03DB926FE10C}"
EndProject
Project("{FAE04EC0-301F-11D3-BF4B-00C04F79EFBC}") = "AudioRecordingSampleApp", "AudioRecordingSampleApp\AudioRecordingSampleApp\AudioRecordingSampleApp.csproj", "{047EE636-07F3-42B6-AB4E-72562A971EA9}"
EndProject
Global
	GlobalSection(SolutionConfigurationPlatforms) = preSolution
		Debug|Any CPU = Debug|Any CPU
		Release|Any CPU = Release|Any CPU
		Debug|iPhoneSimulator = Debug|iPhoneSimulator
		Release|iPhoneSimulator = Release|iPhoneSimulator
		Debug|iPhone = Debug|iPhone
		Release|iPhone = Release|iPhone
	EndGlobalSection
	GlobalSection(ProjectConfigurationPlatforms) = postSolution
		{F98D6A17-AADC-4DF8-9CDF-1ECB8CDC24E8}.Debug|Any CPU.ActiveCfg = Debug|Any CPU
		{F98D6A17-AADC-4DF8-9CDF-1ECB8CDC24E8}.Debug|Any CPU.Build.0 = Debug|Any CPU
		{F98D6A17-AADC-4DF8-9CDF-1ECB8CDC24E8}.Release|Any CPU.ActiveCfg = Release|Any CPU
		{F98D6A17-AADC-4DF8-9CDF-1ECB8CDC24E8}.Release|Any CPU.Build.0 = Release|Any CPU
		{F98D6A17-AADC-4DF8-9CDF-1ECB8CDC24E8}.Debug|iPhoneSimulator.ActiveCfg = Debug|Any CPU
		{F98D6A17-AADC-4DF8-9CDF-1ECB8CDC24E8}.Debug|iPhoneSimulator.Build.0 = Debug|Any CPU
		{F98D6A17-AADC-4DF8-9CDF-1ECB8CDC24E8}.Release|iPhoneSimulator.ActiveCfg = Release|Any CPU
		{F98D6A17-AADC-4DF8-9CDF-1ECB8CDC24E8}.Release|iPhoneSimulator.Build.0 = Release|Any CPU
		{F98D6A17-AADC-4DF8-9CDF-1ECB8CDC24E8}.Debug|iPhone.ActiveCfg = Debug|Any CPU
		{F98D6A17-AADC-4DF8-9CDF-1ECB8CDC24E8}.Debug|iPhone.Build.0 = Debug|Any CPU
		{F98D6A17-AADC-4DF8-9CDF-1ECB8CDC24E8}.Release|iPhone.ActiveCfg = Release|Any CPU
		{F98D6A17-AADC-4DF8-9CDF-1ECB8CDC24E8}.Release|iPhone.Build.0 = Release|Any CPU
		{6BBA4035-566E-4D0C-81ED-03DB926FE10C}.Debug|Any CPU.ActiveCfg = Debug|iPhoneSimulator
		{6BBA4035-566E-4D0C-81ED-03DB926FE10C}.Debug|Any CPU.Build.0 = Debug|iPhoneSimulator
		{6BBA4035-566E-4D0C-81ED-03DB926FE10C}.Release|Any CPU.ActiveCfg = Release|iPhoneSimulator
		{6BBA4035-566E-4D0C-81ED-03DB926FE10C}.Release|Any CPU.Build.0 = Release|iPhoneSimulator
		{6BBA4035-566E-4D0C-81ED-03DB926FE10C}.Debug|iPhoneSimulator.ActiveCfg = Debug|iPhoneSimulator
		{6BBA4035-566E-4D0C-81ED-03DB926FE10C}.Debug|iPhoneSimulator.Build.0 = Debug|iPhoneSimulator
		{6BBA4035-566E-4D0C-81ED-03DB926FE10C}.Release|iPhoneSimulator.ActiveCfg = Release|iPhoneSimulator
		{6BBA4035-566E-4D0C-81ED-03DB926FE10C}.Release|iPhoneSimulator.Build.0 = Release|iPhoneSimulator
		{6BBA4035-566E-4D0C-81ED-03DB926FE10C}.Debug|iPhone.ActiveCfg = Debug|iPhone
		{6BBA4035-566E-4D0C-81ED-03DB926FE10C}.Debug|iPhone.Build.0 = Debug|iPhone
		{6BBA4035-566E-4D0C-81ED-03DB926FE10C}.Release|iPhone.ActiveCfg = Release|iPhone
		{6BBA4035-566E-4D0C-81ED-03DB926FE10C}.Release|iPhone.Build.0 = Release|iPhone
		{047EE636-07F3-42B6-AB4E-72562A971EA9}.Debug|Any CPU.ActiveCfg = Debug|Any CPU
		{047EE636-07F3-42B6-AB4E-72562A971EA9}.Debug|Any CPU.Build.0 = Debug|Any CPU
		{047EE636-07F3-42B6-AB4E-72562A971EA9}.Release|Any CPU.ActiveCfg = Release|Any CPU
		{047EE636-07F3-42B6-AB4E-72562A971EA9}.Release|Any CPU.Build.0 = Release|Any CPU
		{047EE636-07F3-42B6-AB4E-72562A971EA9}.Debug|iPhoneSimulator.ActiveCfg = Debug|Any CPU
		{047EE636-07F3-42B6-AB4E-72562A971EA9}.Debug|iPhoneSimulator.Build.0 = Debug|Any CPU
		{047EE636-07F3-42B6-AB4E-72562A971EA9}.Release|iPhoneSimulator.ActiveCfg = Release|Any CPU
		{047EE636-07F3-42B6-AB4E-72562A971EA9}.Release|iPhoneSimulator.Build.0 = Release|Any CPU
		{047EE636-07F3-42B6-AB4E-72562A971EA9}.Debug|iPhone.ActiveCfg = Debug|Any CPU
		{047EE636-07F3-42B6-AB4E-72562A971EA9}.Debug|iPhone.Build.0 = Debug|Any CPU
		{047EE636-07F3-42B6-AB4E-72562A971EA9}.Release|iPhone.ActiveCfg = Release|Any CPU
		{047EE636-07F3-42B6-AB4E-72562A971EA9}.Release|iPhone.Build.0 = Release|Any CPU
	EndGlobalSection
	GlobalSection(SolutionProperties) = preSolution
		HideSolutionNode = FALSE
	EndGlobalSection
	GlobalSection(ExtensibilityGlobals) = postSolution
		SolutionGuid = {D9F85ECF-E298-4D8D-8089-F3B9079B4324}
	EndGlobalSection
EndGlobal
